// !$*UTF8*$!
{
	archiveVersion = 1;
	classes = {
	};
	objectVersion = 50;
	objects = {

/* Begin PBXBuildFile section */
		A2715E102427C59E00740CDD /* main.swift in Sources */ = {isa = PBXBuildFile; fileRef = A2715E0F2427C59E00740CDD /* main.swift */; };
		A2715E172427C62400740CDD /* serial.swift in Sources */ = {isa = PBXBuildFile; fileRef = A2715E162427C62400740CDD /* serial.swift */; };
		A2715E192427C63100740CDD /* display.swift in Sources */ = {isa = PBXBuildFile; fileRef = A2715E182427C63100740CDD /* display.swift */; };
		A2715E1B2427C7DA00740CDD /* wifiModem.swift in Sources */ = {isa = PBXBuildFile; fileRef = A2715E1A2427C7DA00740CDD /* wifiModem.swift */; };
		A2715E1D2427D49D00740CDD /* connection.swift in Sources */ = {isa = PBXBuildFile; fileRef = A2715E1C2427D49D00740CDD /* connection.swift */; };
/* End PBXBuildFile section */

/* Begin PBXCopyFilesBuildPhase section */
		A2715E0A2427C59E00740CDD /* CopyFiles */ = {
			isa = PBXCopyFilesBuildPhase;
			buildActionMask = 2147483647;
			dstPath = /usr/share/man/man1/;
			dstSubfolderSpec = 0;
			files = (
			);
			runOnlyForDeploymentPostprocessing = 1;
		};
/* End PBXCopyFilesBuildPhase section */

/* Begin PBXFileReference section */
		A2715E0C2427C59E00740CDD /* WifiModemEmulator */ = {isa = PBXFileReference; explicitFileType = "compiled.mach-o.executable"; includeInIndex = 0; path = WifiModemEmulator; sourceTree = BUILT_PRODUCTS_DIR; };
		A2715E0F2427C59E00740CDD /* main.swift */ = {isa = PBXFileReference; lastKnownFileType = sourcecode.swift; path = main.swift; sourceTree = "<group>"; };
		A2715E162427C62400740CDD /* serial.swift */ = {isa = PBXFileReference; lastKnownFileType = sourcecode.swift; path = serial.swift; sourceTree = "<group>"; };
		A2715E182427C63100740CDD /* display.swift */ = {isa = PBXFileReference; lastKnownFileType = sourcecode.swift; path = display.swift; sourceTree = "<group>"; };
		A2715E1A2427C7DA00740CDD /* wifiModem.swift */ = {isa = PBXFileReference; lastKnownFileType = sourcecode.swift; path = wifiModem.swift; sourceTree = "<group>"; };
		A2715E1C2427D49D00740CDD /* connection.swift */ = {isa = PBXFileReference; lastKnownFileType = sourcecode.swift; path = connection.swift; sourceTree = "<group>"; };
/* End PBXFileReference section */

/* Begin PBXFrameworksBuildPhase section */
		A2715E092427C59E00740CDD /* Frameworks */ = {
			isa = PBXFrameworksBuildPhase;
			buildActionMask = 2147483647;
			files = (
			);
			runOnlyForDeploymentPostprocessing = 0;
		};
/* End PBXFrameworksBuildPhase section */

/* Begin PBXGroup section */
		A2715E032427C59E00740CDD = {
			isa = PBXGroup;
			children = (
				A2715E0E2427C59E00740CDD /* WifiModemEmulator */,
				A2715E0D2427C59E00740CDD /* Products */,
			);
			sourceTree = "<group>";
		};
		A2715E0D2427C59E00740CDD /* Products */ = {
			isa = PBXGroup;
			children = (
				A2715E0C2427C59E00740CDD /* WifiModemEmulator */,
			);
			name = Products;
			sourceTree = "<group>";
		};
		A2715E0E2427C59E00740CDD /* WifiModemEmulator */ = {
			isa = PBXGroup;
			children = (
				A2715E0F2427C59E00740CDD /* main.swift */,
				A2715E162427C62400740CDD /* serial.swift */,
				A2715E182427C63100740CDD /* display.swift */,
				A2715E1A2427C7DA00740CDD /* wifiModem.swift */,
				A2715E1C2427D49D00740CDD /* connection.swift */,
			);
			path = WifiModemEmulator;
			sourceTree = "<group>";
		};
/* End PBXGroup section */

/* Begin PBXNativeTarget section */
		A2715E0B2427C59E00740CDD /* WifiModemEmulator */ = {
			isa = PBXNativeTarget;
			buildConfigurationList = A2715E132427C59E00740CDD /* Build configuration list for PBXNativeTarget "WifiModemEmulator" */;
			buildPhases = (
				A2715E082427C59E00740CDD /* Sources */,
				A2715E092427C59E00740CDD /* Frameworks */,
				A2715E0A2427C59E00740CDD /* CopyFiles */,
			);
			buildRules = (
			);
			dependencies = (
			);
			name = WifiModemEmulator;
			productName = WifiModemEmulator;
			productReference = A2715E0C2427C59E00740CDD /* WifiModemEmulator */;
			productType = "com.apple.product-type.tool";
		};
/* End PBXNativeTarget section */

/* Begin PBXProject section */
		A2715E042427C59E00740CDD /* Project object */ = {
			isa = PBXProject;
			attributes = {
				LastSwiftUpdateCheck = 1130;
				LastUpgradeCheck = 1130;
				ORGANIZATIONNAME = AlessioPalma;
				TargetAttributes = {
					A2715E0B2427C59E00740CDD = {
						CreatedOnToolsVersion = 11.3.1;
					};
				};
			};
			buildConfigurationList = A2715E072427C59E00740CDD /* Build configuration list for PBXProject "WifiModemEmulator" */;
			compatibilityVersion = "Xcode 9.3";
			developmentRegion = en;
			hasScannedForEncodings = 0;
			knownRegions = (
				en,
				Base,
			);
			mainGroup = A2715E032427C59E00740CDD;
			productRefGroup = A2715E0D2427C59E00740CDD /* Products */;
			projectDirPath = "";
			projectRoot = "";
			targets = (
				A2715E0B2427C59E00740CDD /* WifiModemEmulator */,
			);
		};
/* End PBXProject section */

/* Begin PBXSourcesBuildPhase section */
		A2715E082427C59E00740CDD /* Sources */ = {
			isa = PBXSourcesBuildPhase;
			buildActionMask = 2147483647;
			files = (
				A2715E102427C59E00740CDD /* main.swift in Sources */,
				A2715E192427C63100740CDD /* display.swift in Sources */,
				A2715E1D2427D49D00740CDD /* connection.swift in Sources */,
				A2715E172427C62400740CDD /* serial.swift in Sources */,
				A2715E1B2427C7DA00740CDD /* wifiModem.swift in Sources */,
			);
			runOnlyForDeploymentPostprocessing = 0;
		};
/* End PBXSourcesBuildPhase section */

/* Begin XCBuildConfiguration section */
		A2715E112427C59E00740CDD /* Debug */ = {
			isa = XCBuildConfiguration;
			buildSettings = {
				ALWAYS_SEARCH_USER_PATHS = NO;
				CLANG_ANALYZER_NONNULL = YES;
				CLANG_ANALYZER_NUMBER_OBJECT_CONVERSION = YES_AGGRESSIVE;
				CLANG_CXX_LANGUAGE_STANDARD = "gnu++14";
				CLANG_CXX_LIBRARY = "libc++";
				CLANG_ENABLE_MODULES = YES;
				CLANG_ENABLE_OBJC_ARC = YES;
				CLANG_ENABLE_OBJC_WEAK = YES;
				CLANG_WARN_BLOCK_CAPTURE_AUTORELEASING = YES;
				CLANG_WARN_BOOL_CONVERSION = YES;
				CLANG_WARN_COMMA = YES;
				CLANG_WARN_CONSTANT_CONVERSION = YES;
				CLANG_WARN_DEPRECATED_OBJC_IMPLEMENTATIONS = YES;
				CLANG_WARN_DIRECT_OBJC_ISA_USAGE = YES_ERROR;
				CLANG_WARN_DOCUMENTATION_COMMENTS = YES;
				CLANG_WARN_EMPTY_BODY = YES;
				CLANG_WARN_ENUM_CONVERSION = YES;
				CLANG_WARN_INFINITE_RECURSION = YES;
				CLANG_WARN_INT_CONVERSION = YES;
				CLANG_WARN_NON_LITERAL_NULL_CONVERSION = YES;
				CLANG_WARN_OBJC_IMPLICIT_RETAIN_SELF = YES;
				CLANG_WARN_OBJC_LITERAL_CONVERSION = YES;
				CLANG_WARN_OBJC_ROOT_CLASS = YES_ERROR;
				CLANG_WARN_RANGE_LOOP_ANALYSIS = YES;
				CLANG_WARN_STRICT_PROTOTYPES = YES;
				CLANG_WARN_SUSPICIOUS_MOVE = YES;
				CLANG_WARN_UNGUARDED_AVAILABILITY = YES_AGGRESSIVE;
				CLANG_WARN_UNREACHABLE_CODE = YES;
				CLANG_WARN__DUPLICATE_METHOD_MATCH = YES;
				COPY_PHASE_STRIP = NO;
				DEBUG_INFORMATION_FORMAT = dwarf;
				ENABLE_STRICT_OBJC_MSGSEND = YES;
				ENABLE_TESTABILITY = YES;
				GCC_C_LANGUAGE_STANDARD = gnu11;
				GCC_DYNAMIC_NO_PIC = NO;
				GCC_NO_COMMON_BLOCKS = YES;
				GCC_OPTIMIZATION_LEVEL = 0;
				GCC_PREPROCESSOR_DEFINITIONS = (
					"DEBUG=1",
					"$(inherited)",
				);
				GCC_WARN_64_TO_32_BIT_CONVERSION = YES;
				GCC_WARN_ABOUT_RETURN_TYPE = YES_ERROR;
				GCC_WARN_UNDECLARED_SELECTOR = YES;
				GCC_WARN_UNINITIALIZED_AUTOS = YES_AGGRESSIVE;
				GCC_WARN_UNUSED_FUNCTION = YES;
				GCC_WARN_UNUSED_VARIABLE = YES;
				MACOSX_DEPLOYMENT_TARGET = 10.15;
				MTL_ENABLE_DEBUG_INFO = INCLUDE_SOURCE;
				MTL_FAST_MATH = YES;
				ONLY_ACTIVE_ARCH = YES;
				SDKROOT = macosx;
				SWIFT_ACTIVE_COMPILATION_CONDITIONS = DEBUG;
				SWIFT_OPTIMIZATION_LEVEL = "-Onone";
			};
			name = Debug;
		};
		A2715E122427C59E00740CDD /* Release */ = {
			isa = XCBuildConfiguration;
			buildSettings = {
				ALWAYS_SEARCH_USER_PATHS = NO;
				CLANG_ANALYZER_NONNULL = YES;
				CLANG_ANALYZER_NUMBER_OBJECT_CONVERSION = YES_AGGRESSIVE;
				CLANG_CXX_LANGUAGE_STANDARD = "gnu++14";
				CLANG_CXX_LIBRARY = "libc++";
				CLANG_ENABLE_MODULES = YES;
				CLANG_ENABLE_OBJC_ARC = YES;
				CLANG_ENABLE_OBJC_WEAK = YES;
				CLANG_WARN_BLOCK_CAPTURE_AUTORELEASING = YES;
				CLANG_WARN_BOOL_CONVERSION = YES;
				CLANG_WARN_COMMA = YES;
				CLANG_WARN_CONSTANT_CONVERSION = YES;
				CLANG_WARN_DEPRECATED_OBJC_IMPLEMENTATIONS = YES;
				CLANG_WARN_DIRECT_OBJC_ISA_USAGE = YES_ERROR;
				CLANG_WARN_DOCUMENTATION_COMMENTS = YES;
				CLANG_WARN_EMPTY_BODY = YES;
				CLANG_WARN_ENUM_CONVERSION = YES;
				CLANG_WARN_INFINITE_RECURSION = YES;
				CLANG_WARN_INT_CONVERSION = YES;
				CLANG_WARN_NON_LITERAL_NULL_CONVERSION = YES;
				CLANG_WARN_OBJC_IMPLICIT_RETAIN_SELF = YES;
				CLANG_WARN_OBJC_LITERAL_CONVERSION = YES;
				CLANG_WARN_OBJC_ROOT_CLASS = YES_ERROR;
				CLANG_WARN_RANGE_LOOP_ANALYSIS = YES;
				CLANG_WARN_STRICT_PROTOTYPES = YES;
				CLANG_WARN_SUSPICIOUS_MOVE = YES;
				CLANG_WARN_UNGUARDED_AVAILABILITY = YES_AGGRESSIVE;
				CLANG_WARN_UNREACHABLE_CODE = YES;
				CLANG_WARN__DUPLICATE_METHOD_MATCH = YES;
				COPY_PHASE_STRIP = NO;
				DEBUG_INFORMATION_FORMAT = "dwarf-with-dsym";
				ENABLE_NS_ASSERTIONS = NO;
				ENABLE_STRICT_OBJC_MSGSEND = YES;
				GCC_C_LANGUAGE_STANDARD = gnu11;
				GCC_NO_COMMON_BLOCKS = YES;
				GCC_WARN_64_TO_32_BIT_CONVERSION = YES;
				GCC_WARN_ABOUT_RETURN_TYPE = YES_ERROR;
				GCC_WARN_UNDECLARED_SELECTOR = YES;
				GCC_WARN_UNINITIALIZED_AUTOS = YES_AGGRESSIVE;
				GCC_WARN_UNUSED_FUNCTION = YES;
				GCC_WARN_UNUSED_VARIABLE = YES;
				MACOSX_DEPLOYMENT_TARGET = 10.15;
				MTL_ENABLE_DEBUG_INFO = NO;
				MTL_FAST_MATH = YES;
				SDKROOT = macosx;
				SWIFT_COMPILATION_MODE = wholemodule;
				SWIFT_OPTIMIZATION_LEVEL = "-O";
			};
			name = Release;
		};
		A2715E142427C59E00740CDD /* Debug */ = {
			isa = XCBuildConfiguration;
			buildSettings = {
				CODE_SIGN_STYLE = Manual;
				DEVELOPMENT_ASSET_PATHS = "";
				DEVELOPMENT_TEAM = "";
				ENABLE_HARDENED_RUNTIME = YES;
				MACOSX_DEPLOYMENT_TARGET = 10.12;
				PRODUCT_NAME = "$(TARGET_NAME)";
				PROVISIONING_PROFILE_SPECIFIER = "";
				SWIFT_VERSION = 5.0;
			};
			name = Debug;
		};
		A2715E152427C59E00740CDD /* Release */ = {
			isa = XCBuildConfiguration;
			buildSettings = {
				CODE_SIGN_STYLE = Manual;
				DEVELOPMENT_ASSET_PATHS = "";
				DEVELOPMENT_TEAM = "";
				ENABLE_HARDENED_RUNTIME = YES;
				MACOSX_DEPLOYMENT_TARGET = 10.12;
				PRODUCT_NAME = "$(TARGET_NAME)";
				PROVISIONING_PROFILE_SPECIFIER = "";
				SWIFT_VERSION = 5.0;
			};
			name = Release;
		};
/* End XCBuildConfiguration section */

/* Begin XCConfigurationList section */
		A2715E072427C59E00740CDD /* Build configuration list for PBXProject "WifiModemEmulator" */ = {
			isa = XCConfigurationList;
			buildConfigurations = (
				A2715E112427C59E00740CDD /* Debug */,
				A2715E122427C59E00740CDD /* Release */,
			);
			defaultConfigurationIsVisible = 0;
			defaultConfigurationName = Release;
		};
		A2715E132427C59E00740CDD /* Build configuration list for PBXNativeTarget "WifiModemEmulator" */ = {
			isa = XCConfigurationList;
			buildConfigurations = (
				A2715E142427C59E00740CDD /* Debug */,
				A2715E152427C59E00740CDD /* Release */,
			);
			defaultConfigurationIsVisible = 0;
			defaultConfigurationName = Release;
		};
/* End XCConfigurationList section */
	};
	rootObject = A2715E042427C59E00740CDD /* Project object */;
}
